<?xml version="1.0" encoding="utf-8"?>
<Project ToolsVersion="4.0" xmlns="http://schemas.microsoft.com/developer/msbuild/2003">
  <ItemGroup>
    <Filter Include="Header Files">
      <UniqueIdentifier>{93995380-89BD-4b04-88EB-625FBE52EBFB}</UniqueIdentifier>
      <Extensions>h;hh;hpp;hxx;hm;inl;inc;xsd</Extensions>
    </Filter>
    <Filter Include="Resource Files">
      <UniqueIdentifier>{67DA6AB6-F800-4c08-8B7A-83BB121AAD01}</UniqueIdentifier>
      <Extensions>rc;ico;cur;bmp;dlg;rc2;rct;bin;rgs;gif;jpg;jpeg;jpe;resx;tiff;tif;png;wav;mfcribbon-ms</Extensions>
    </Filter>
  </ItemGroup>
  <ItemGroup>
    <ClInclude Include="include\Or3Tech\Block.hpp">
      <Filter>Header Files</Filter>
    </ClInclude>
    <ClInclude Include="include\Or3Tech\Chunk.hpp">
      <Filter>Header Files</Filter>
    </ClInclude>
    <ClInclude Include="include\Or3Tech\shader.hpp">
      <Filter>Header Files</Filter>
    </ClInclude>
    <ClInclude Include="include\Or3Tech\controls.hpp">
      <Filter>Header Files</Filter>
    </ClInclude>
    <ClInclude Include="include\Or3Tech\texture.hpp">
      <Filter>Header Files</Filter>
    </ClInclude>
    <ClInclude Include="include\Or3Tech\Game.hpp">
      <Filter>Header Files</Filter>
    </ClInclude>
    <ClInclude Include="include\Or3Tech\Render.hpp">
      <Filter>Header Files</Filter>
    </ClInclude>
    <ClInclude Include="include\Or3Tech\Shape.hpp">
      <Filter>Header Files</Filter>
    </ClInclude>
    <ClInclude Include="include\Or3Tech\CreateShape.hpp">
      <Filter>Header Files</Filter>
    </ClInclude>
    <ClInclude Include="include\Or3Tech\TextureRegistry.hpp">
      <Filter>Header Files</Filter>
    </ClInclude>
    <ClInclude Include="include\Or3Tech\SidedTexture.hpp">
      <Filter>Header Files</Filter>
    </ClInclude>
    <ClInclude Include="include\Or3Tech\Level.hpp">
      <Filter>Header Files</Filter>
    </ClInclude>
    <ClInclude Include="include\Or3Tech\Player.hpp">
      <Filter>Header Files</Filter>
    </ClInclude>
    <ClInclude Include="include\Or3Tech\ChunkPos.hpp">
      <Filter>Header Files</Filter>
    </ClInclude>
    <ClInclude Include="external\libnoise\include\noise\basictypes.h">
      <Filter>Header Files</Filter>
    </ClInclude>
    <ClInclude Include="external\libnoise\include\noise\exception.h">
      <Filter>Header Files</Filter>
    </ClInclude>
    <ClInclude Include="external\libnoise\include\noise\interp.h">
      <Filter>Header Files</Filter>
    </ClInclude>
    <ClInclude Include="external\libnoise\include\noise\latlon.h">
      <Filter>Header Files</Filter>
    </ClInclude>
    <ClInclude Include="external\libnoise\include\noise\mathconsts.h">
      <Filter>Header Files</Filter>
    </ClInclude>
    <ClInclude Include="external\libnoise\include\noise\misc.h">
      <Filter>Header Files</Filter>
    </ClInclude>
    <ClInclude Include="external\libnoise\include\noise\model\cylinder.h">
      <Filter>Header Files</Filter>
    </ClInclude>
    <ClInclude Include="external\libnoise\include\noise\model\line.h">
      <Filter>Header Files</Filter>
    </ClInclude>
    <ClInclude Include="external\libnoise\include\noise\model\model.h">
      <Filter>Header Files</Filter>
    </ClInclude>
    <ClInclude Include="external\libnoise\include\noise\model\plane.h">
      <Filter>Header Files</Filter>
    </ClInclude>
    <ClInclude Include="external\libnoise\include\noise\model\sphere.h">
      <Filter>Header Files</Filter>
    </ClInclude>
    <ClInclude Include="external\libnoise\include\noise\module\abs.h">
      <Filter>Header Files</Filter>
    </ClInclude>
    <ClInclude Include="external\libnoise\include\noise\module\add.h">
      <Filter>Header Files</Filter>
    </ClInclude>
    <ClInclude Include="external\libnoise\include\noise\module\billow.h">
      <Filter>Header Files</Filter>
    </ClInclude>
    <ClInclude Include="external\libnoise\include\noise\module\blend.h">
      <Filter>Header Files</Filter>
    </ClInclude>
    <ClInclude Include="external\libnoise\include\noise\module\cache.h">
      <Filter>Header Files</Filter>
    </ClInclude>
    <ClInclude Include="external\libnoise\include\noise\module\checkerboard.h">
      <Filter>Header Files</Filter>
    </ClInclude>
    <ClInclude Include="external\libnoise\include\noise\module\clamp.h">
      <Filter>Header Files</Filter>
    </ClInclude>
    <ClInclude Include="external\libnoise\include\noise\module\const.h">
      <Filter>Header Files</Filter>
    </ClInclude>
    <ClInclude Include="external\libnoise\include\noise\module\curve.h">
      <Filter>Header Files</Filter>
    </ClInclude>
    <ClInclude Include="external\libnoise\include\noise\module\cylinders.h">
      <Filter>Header Files</Filter>
    </ClInclude>
    <ClInclude Include="external\libnoise\include\noise\module\displace.h">
      <Filter>Header Files</Filter>
    </ClInclude>
    <ClInclude Include="external\libnoise\include\noise\module\exponent.h">
      <Filter>Header Files</Filter>
    </ClInclude>
    <ClInclude Include="external\libnoise\include\noise\module\invert.h">
      <Filter>Header Files</Filter>
    </ClInclude>
    <ClInclude Include="external\libnoise\include\noise\module\max.h">
      <Filter>Header Files</Filter>
    </ClInclude>
    <ClInclude Include="external\libnoise\include\noise\module\min.h">
      <Filter>Header Files</Filter>
    </ClInclude>
    <ClInclude Include="external\libnoise\include\noise\module\module.h">
      <Filter>Header Files</Filter>
    </ClInclude>
    <ClInclude Include="external\libnoise\include\noise\module\modulebase.h">
      <Filter>Header Files</Filter>
    </ClInclude>
    <ClInclude Include="external\libnoise\include\noise\module\multiply.h">
      <Filter>Header Files</Filter>
    </ClInclude>
    <ClInclude Include="external\libnoise\include\noise\module\perlin.h">
      <Filter>Header Files</Filter>
    </ClInclude>
    <ClInclude Include="external\libnoise\include\noise\module\power.h">
      <Filter>Header Files</Filter>
    </ClInclude>
    <ClInclude Include="external\libnoise\include\noise\module\ridgedmulti.h">
      <Filter>Header Files</Filter>
    </ClInclude>
    <ClInclude Include="external\libnoise\include\noise\module\rotatepoint.h">
      <Filter>Header Files</Filter>
    </ClInclude>
    <ClInclude Include="external\libnoise\include\noise\module\scalebias.h">
      <Filter>Header Files</Filter>
    </ClInclude>
    <ClInclude Include="external\libnoise\include\noise\module\scalepoint.h">
      <Filter>Header Files</Filter>
    </ClInclude>
    <ClInclude Include="external\libnoise\include\noise\module\select.h">
      <Filter>Header Files</Filter>
    </ClInclude>
    <ClInclude Include="external\libnoise\include\noise\module\spheres.h">
      <Filter>Header Files</Filter>
    </ClInclude>
    <ClInclude Include="external\libnoise\include\noise\module\terrace.h">
      <Filter>Header Files</Filter>
    </ClInclude>
    <ClInclude Include="external\libnoise\include\noise\module\translatepoint.h">
      <Filter>Header Files</Filter>
    </ClInclude>
    <ClInclude Include="external\libnoise\include\noise\module\turbulence.h">
      <Filter>Header Files</Filter>
    </ClInclude>
    <ClInclude Include="external\libnoise\include\noise\module\voronoi.h">
      <Filter>Header Files</Filter>
    </ClInclude>
    <ClInclude Include="external\libnoise\include\noise\noise.h">
      <Filter>Header Files</Filter>
    </ClInclude>
    <ClInclude Include="external\libnoise\include\noise\noisegen.h">
      <Filter>Header Files</Filter>
    </ClInclude>
    <ClInclude Include="external\libnoise\include\noise\vectortable.h">
      <Filter>Header Files</Filter>
    </ClInclude>
  </ItemGroup>
  <ItemGroup>
    <None Include="data\shaders\default.vert.glsl" />
    <None Include="data\shaders\default.frag.glsl" />
    <None Include="external\libnoise\libnoise.dll" />
  </ItemGroup>
  <ItemGroup>
    <Image Include="textures\dirt.bmp">
      <Filter>Resource Files</Filter>
    </Image>
    <Image Include="textures\grass.bmp">
      <Filter>Resource Files</Filter>
    </Image>
    <Image Include="textures\gravel.bmp">
      <Filter>Resource Files</Filter>
    </Image>
    <Image Include="textures\sand.bmp">
      <Filter>Resource Files</Filter>
    </Image>
    <Image Include="textures\stone.bmp">
      <Filter>Resource Files</Filter>
    </Image>
    <Image Include="textures\notexture.bmp">
      <Filter>Resource Files</Filter>
    </Image>
    <Image Include="textures\grasstop.bmp">
      <Filter>Resource Files</Filter>
    </Image>
  </ItemGroup>
  <ItemGroup>
    <ClCompile Include="src\Main.cpp" />
    <ClCompile Include="src\Or3Tech\objects\Block.cpp" />
    <ClCompile Include="src\Or3Tech\objects\Chunk.cpp" />
    <ClCompile Include="src\Or3Tech\utils\controls.cpp" />
    <ClCompile Include="src\Or3Tech\utils\shader.cpp" />
    <ClCompile Include="src\Or3Tech\utils\texture.cpp" />
    <ClCompile Include="src\Or3Tech\Game.cpp" />
    <ClCompile Include="src\Or3Tech\Render.cpp" />
    <ClCompile Include="src\Or3Tech\registry\TextureRegistry.cpp" />
    <ClCompile Include="src\Or3Tech\registry\CreateShape.cpp" />
    <ClCompile Include="src\Or3Tech\objects\Level.cpp" />
    <ClCompile Include="src\Or3Tech\objects\Player.cpp" />
    <ClCompile Include="src\Or3Tech\objects\ChunkPos.cpp" />
  </ItemGroup>
  <ItemGroup>
    <Library Include="external\libnoise\libnoise.lib" />
  </ItemGroup>
</Project>